// !$*UTF8*$!
{
	archiveVersion = 1;
	classes = {
	};
	objectVersion = 46;
	objects = {

/* Begin PBXBuildFile section */
		A27A46C71E36494E00C22175 /* main.cpp in Sources */ = {isa = PBXBuildFile; fileRef = A27A46C61E36494E00C22175 /* main.cpp */; };
		A27A46E21E364A6E00C22175 /* libopencv_calib3d.2.4.13.dylib in Frameworks */ = {isa = PBXBuildFile; fileRef = A27A46D01E364A6E00C22175 /* libopencv_calib3d.2.4.13.dylib */; };
		A27A46E31E364A6E00C22175 /* libopencv_contrib.2.4.13.dylib in Frameworks */ = {isa = PBXBuildFile; fileRef = A27A46D11E364A6E00C22175 /* libopencv_contrib.2.4.13.dylib */; };
		A27A46E41E364A6E00C22175 /* libopencv_core.2.4.13.dylib in Frameworks */ = {isa = PBXBuildFile; fileRef = A27A46D21E364A6E00C22175 /* libopencv_core.2.4.13.dylib */; };
		A27A46E51E364A6E00C22175 /* libopencv_features2d.2.4.13.dylib in Frameworks */ = {isa = PBXBuildFile; fileRef = A27A46D31E364A6E00C22175 /* libopencv_features2d.2.4.13.dylib */; };
		A27A46E61E364A6E00C22175 /* libopencv_flann.2.4.13.dylib in Frameworks */ = {isa = PBXBuildFile; fileRef = A27A46D41E364A6E00C22175 /* libopencv_flann.2.4.13.dylib */; };
		A27A46E71E364A6E00C22175 /* libopencv_gpu.2.4.13.dylib in Frameworks */ = {isa = PBXBuildFile; fileRef = A27A46D51E364A6E00C22175 /* libopencv_gpu.2.4.13.dylib */; };
		A27A46E81E364A6E00C22175 /* libopencv_highgui.2.4.13.dylib in Frameworks */ = {isa = PBXBuildFile; fileRef = A27A46D61E364A6E00C22175 /* libopencv_highgui.2.4.13.dylib */; };
		A27A46E91E364A6E00C22175 /* libopencv_imgproc.2.4.13.dylib in Frameworks */ = {isa = PBXBuildFile; fileRef = A27A46D71E364A6E00C22175 /* libopencv_imgproc.2.4.13.dylib */; };
		A27A46EA1E364A6E00C22175 /* libopencv_legacy.2.4.13.dylib in Frameworks */ = {isa = PBXBuildFile; fileRef = A27A46D81E364A6E00C22175 /* libopencv_legacy.2.4.13.dylib */; };
		A27A46EB1E364A6E00C22175 /* libopencv_ml.2.4.13.dylib in Frameworks */ = {isa = PBXBuildFile; fileRef = A27A46D91E364A6E00C22175 /* libopencv_ml.2.4.13.dylib */; };
		A27A46EC1E364A6E00C22175 /* libopencv_nonfree.2.4.13.dylib in Frameworks */ = {isa = PBXBuildFile; fileRef = A27A46DA1E364A6E00C22175 /* libopencv_nonfree.2.4.13.dylib */; };
		A27A46ED1E364A6E00C22175 /* libopencv_objdetect.2.4.13.dylib in Frameworks */ = {isa = PBXBuildFile; fileRef = A27A46DB1E364A6E00C22175 /* libopencv_objdetect.2.4.13.dylib */; };
		A27A46EE1E364A6E00C22175 /* libopencv_ocl.2.4.13.dylib in Frameworks */ = {isa = PBXBuildFile; fileRef = A27A46DC1E364A6E00C22175 /* libopencv_ocl.2.4.13.dylib */; };
		A27A46EF1E364A6E00C22175 /* libopencv_photo.2.4.13.dylib in Frameworks */ = {isa = PBXBuildFile; fileRef = A27A46DD1E364A6E00C22175 /* libopencv_photo.2.4.13.dylib */; };
		A27A46F01E364A6E00C22175 /* libopencv_stitching.2.4.13.dylib in Frameworks */ = {isa = PBXBuildFile; fileRef = A27A46DE1E364A6E00C22175 /* libopencv_stitching.2.4.13.dylib */; };
		A27A46F11E364A6E00C22175 /* libopencv_superres.2.4.13.dylib in Frameworks */ = {isa = PBXBuildFile; fileRef = A27A46DF1E364A6E00C22175 /* libopencv_superres.2.4.13.dylib */; };
		A27A46F21E364A6E00C22175 /* libopencv_video.2.4.13.dylib in Frameworks */ = {isa = PBXBuildFile; fileRef = A27A46E01E364A6E00C22175 /* libopencv_video.2.4.13.dylib */; };
		A27A46F31E364A6E00C22175 /* libopencv_videostab.2.4.13.dylib in Frameworks */ = {isa = PBXBuildFile; fileRef = A27A46E11E364A6E00C22175 /* libopencv_videostab.2.4.13.dylib */; };
		A27A46F61E36571E00C22175 /* BP.cpp in Sources */ = {isa = PBXBuildFile; fileRef = A27A46F41E36571E00C22175 /* BP.cpp */; };
		A2CF7D7D1E58210D00FBE2FB /* BPNet.cpp in Sources */ = {isa = PBXBuildFile; fileRef = A2CF7D7B1E58210D00FBE2FB /* BPNet.cpp */; };
		A2F2D8FE1E38B12F0010C46F /* ImagePro.cpp in Sources */ = {isa = PBXBuildFile; fileRef = A2F2D8FC1E38B12F0010C46F /* ImagePro.cpp */; };
/* End PBXBuildFile section */

/* Begin PBXCopyFilesBuildPhase section */
		A27A46C11E36494E00C22175 /* CopyFiles */ = {
			isa = PBXCopyFilesBuildPhase;
			buildActionMask = 2147483647;
			dstPath = /usr/share/man/man1/;
			dstSubfolderSpec = 0;
			files = (
			);
			runOnlyForDeploymentPostprocessing = 1;
		};
/* End PBXCopyFilesBuildPhase section */

/* Begin PBXFileReference section */
		A27A46C31E36494E00C22175 /* CharBP */ = {isa = PBXFileReference; explicitFileType = "compiled.mach-o.executable"; includeInIndex = 0; path = CharBP; sourceTree = BUILT_PRODUCTS_DIR; };
		A27A46C61E36494E00C22175 /* main.cpp */ = {isa = PBXFileReference; lastKnownFileType = sourcecode.cpp.cpp; path = main.cpp; sourceTree = "<group>"; };
		A27A46D01E364A6E00C22175 /* libopencv_calib3d.2.4.13.dylib */ = {isa = PBXFileReference; lastKnownFileType = "compiled.mach-o.dylib"; name = libopencv_calib3d.2.4.13.dylib; path = ../../../ProgramLibrary/OpenCV/libopencv_calib3d.2.4.13.dylib; sourceTree = "<group>"; };
		A27A46D11E364A6E00C22175 /* libopencv_contrib.2.4.13.dylib */ = {isa = PBXFileReference; lastKnownFileType = "compiled.mach-o.dylib"; name = libopencv_contrib.2.4.13.dylib; path = ../../../ProgramLibrary/OpenCV/libopencv_contrib.2.4.13.dylib; sourceTree = "<group>"; };
		A27A46D21E364A6E00C22175 /* libopencv_core.2.4.13.dylib */ = {isa = PBXFileReference; lastKnownFileType = "compiled.mach-o.dylib"; name = libopencv_core.2.4.13.dylib; path = ../../../ProgramLibrary/OpenCV/libopencv_core.2.4.13.dylib; sourceTree = "<group>"; };
		A27A46D31E364A6E00C22175 /* libopencv_features2d.2.4.13.dylib */ = {isa = PBXFileReference; lastKnownFileType = "compiled.mach-o.dylib"; name = libopencv_features2d.2.4.13.dylib; path = ../../../ProgramLibrary/OpenCV/libopencv_features2d.2.4.13.dylib; sourceTree = "<group>"; };
		A27A46D41E364A6E00C22175 /* libopencv_flann.2.4.13.dylib */ = {isa = PBXFileReference; lastKnownFileType = "compiled.mach-o.dylib"; name = libopencv_flann.2.4.13.dylib; path = ../../../ProgramLibrary/OpenCV/libopencv_flann.2.4.13.dylib; sourceTree = "<group>"; };
		A27A46D51E364A6E00C22175 /* libopencv_gpu.2.4.13.dylib */ = {isa = PBXFileReference; lastKnownFileType = "compiled.mach-o.dylib"; name = libopencv_gpu.2.4.13.dylib; path = ../../../ProgramLibrary/OpenCV/libopencv_gpu.2.4.13.dylib; sourceTree = "<group>"; };
		A27A46D61E364A6E00C22175 /* libopencv_highgui.2.4.13.dylib */ = {isa = PBXFileReference; lastKnownFileType = "compiled.mach-o.dylib"; name = libopencv_highgui.2.4.13.dylib; path = ../../../ProgramLibrary/OpenCV/libopencv_highgui.2.4.13.dylib; sourceTree = "<group>"; };
		A27A46D71E364A6E00C22175 /* libopencv_imgproc.2.4.13.dylib */ = {isa = PBXFileReference; lastKnownFileType = "compiled.mach-o.dylib"; name = libopencv_imgproc.2.4.13.dylib; path = ../../../ProgramLibrary/OpenCV/libopencv_imgproc.2.4.13.dylib; sourceTree = "<group>"; };
		A27A46D81E364A6E00C22175 /* libopencv_legacy.2.4.13.dylib */ = {isa = PBXFileReference; lastKnownFileType = "compiled.mach-o.dylib"; name = libopencv_legacy.2.4.13.dylib; path = ../../../ProgramLibrary/OpenCV/libopencv_legacy.2.4.13.dylib; sourceTree = "<group>"; };
		A27A46D91E364A6E00C22175 /* libopencv_ml.2.4.13.dylib */ = {isa = PBXFileReference; lastKnownFileType = "compiled.mach-o.dylib"; name = libopencv_ml.2.4.13.dylib; path = ../../../ProgramLibrary/OpenCV/libopencv_ml.2.4.13.dylib; sourceTree = "<group>"; };
		A27A46DA1E364A6E00C22175 /* libopencv_nonfree.2.4.13.dylib */ = {isa = PBXFileReference; lastKnownFileType = "compiled.mach-o.dylib"; name = libopencv_nonfree.2.4.13.dylib; path = ../../../ProgramLibrary/OpenCV/libopencv_nonfree.2.4.13.dylib; sourceTree = "<group>"; };
		A27A46DB1E364A6E00C22175 /* libopencv_objdetect.2.4.13.dylib */ = {isa = PBXFileReference; lastKnownFileType = "compiled.mach-o.dylib"; name = libopencv_objdetect.2.4.13.dylib; path = ../../../ProgramLibrary/OpenCV/libopencv_objdetect.2.4.13.dylib; sourceTree = "<group>"; };
		A27A46DC1E364A6E00C22175 /* libopencv_ocl.2.4.13.dylib */ = {isa = PBXFileReference; lastKnownFileType = "compiled.mach-o.dylib"; name = libopencv_ocl.2.4.13.dylib; path = ../../../ProgramLibrary/OpenCV/libopencv_ocl.2.4.13.dylib; sourceTree = "<group>"; };
		A27A46DD1E364A6E00C22175 /* libopencv_photo.2.4.13.dylib */ = {isa = PBXFileReference; lastKnownFileType = "compiled.mach-o.dylib"; name = libopencv_photo.2.4.13.dylib; path = ../../../ProgramLibrary/OpenCV/libopencv_photo.2.4.13.dylib; sourceTree = "<group>"; };
		A27A46DE1E364A6E00C22175 /* libopencv_stitching.2.4.13.dylib */ = {isa = PBXFileReference; lastKnownFileType = "compiled.mach-o.dylib"; name = libopencv_stitching.2.4.13.dylib; path = ../../../ProgramLibrary/OpenCV/libopencv_stitching.2.4.13.dylib; sourceTree = "<group>"; };
		A27A46DF1E364A6E00C22175 /* libopencv_superres.2.4.13.dylib */ = {isa = PBXFileReference; lastKnownFileType = "compiled.mach-o.dylib"; name = libopencv_superres.2.4.13.dylib; path = ../../../ProgramLibrary/OpenCV/libopencv_superres.2.4.13.dylib; sourceTree = "<group>"; };
		A27A46E01E364A6E00C22175 /* libopencv_video.2.4.13.dylib */ = {isa = PBXFileReference; lastKnownFileType = "compiled.mach-o.dylib"; name = libopencv_video.2.4.13.dylib; path = ../../../ProgramLibrary/OpenCV/libopencv_video.2.4.13.dylib; sourceTree = "<group>"; };
		A27A46E11E364A6E00C22175 /* libopencv_videostab.2.4.13.dylib */ = {isa = PBXFileReference; lastKnownFileType = "compiled.mach-o.dylib"; name = libopencv_videostab.2.4.13.dylib; path = ../../../ProgramLibrary/OpenCV/libopencv_videostab.2.4.13.dylib; sourceTree = "<group>"; };
		A27A46F41E36571E00C22175 /* BP.cpp */ = {isa = PBXFileReference; fileEncoding = 4; lastKnownFileType = sourcecode.cpp.cpp; path = BP.cpp; sourceTree = "<group>"; };
		A27A46F51E36571E00C22175 /* BP.hpp */ = {isa = PBXFileReference; fileEncoding = 4; lastKnownFileType = sourcecode.cpp.h; path = BP.hpp; sourceTree = "<group>"; };
		A2CF7D7B1E58210D00FBE2FB /* BPNet.cpp */ = {isa = PBXFileReference; fileEncoding = 4; lastKnownFileType = sourcecode.cpp.cpp; path = BPNet.cpp; sourceTree = "<group>"; };
		A2CF7D7C1E58210D00FBE2FB /* BPNet.hpp */ = {isa = PBXFileReference; fileEncoding = 4; lastKnownFileType = sourcecode.cpp.h; path = BPNet.hpp; sourceTree = "<group>"; };
		A2F2D8FC1E38B12F0010C46F /* ImagePro.cpp */ = {isa = PBXFileReference; fileEncoding = 4; lastKnownFileType = sourcecode.cpp.cpp; path = ImagePro.cpp; sourceTree = "<group>"; };
		A2F2D8FD1E38B12F0010C46F /* ImagePro.hpp */ = {isa = PBXFileReference; fileEncoding = 4; lastKnownFileType = sourcecode.cpp.h; path = ImagePro.hpp; sourceTree = "<group>"; };
/* End PBXFileReference section */

/* Begin PBXFrameworksBuildPhase section */
		A27A46C01E36494E00C22175 /* Frameworks */ = {
			isa = PBXFrameworksBuildPhase;
			buildActionMask = 2147483647;
			files = (
				A27A46E61E364A6E00C22175 /* libopencv_flann.2.4.13.dylib in Frameworks */,
				A27A46F01E364A6E00C22175 /* libopencv_stitching.2.4.13.dylib in Frameworks */,
				A27A46E71E364A6E00C22175 /* libopencv_gpu.2.4.13.dylib in Frameworks */,
				A27A46EC1E364A6E00C22175 /* libopencv_nonfree.2.4.13.dylib in Frameworks */,
				A27A46EE1E364A6E00C22175 /* libopencv_ocl.2.4.13.dylib in Frameworks */,
				A27A46E31E364A6E00C22175 /* libopencv_contrib.2.4.13.dylib in Frameworks */,
				A27A46EB1E364A6E00C22175 /* libopencv_ml.2.4.13.dylib in Frameworks */,
				A27A46E21E364A6E00C22175 /* libopencv_calib3d.2.4.13.dylib in Frameworks */,
				A27A46EF1E364A6E00C22175 /* libopencv_photo.2.4.13.dylib in Frameworks */,
				A27A46F21E364A6E00C22175 /* libopencv_video.2.4.13.dylib in Frameworks */,
				A27A46E81E364A6E00C22175 /* libopencv_highgui.2.4.13.dylib in Frameworks */,
				A27A46E41E364A6E00C22175 /* libopencv_core.2.4.13.dylib in Frameworks */,
				A27A46EA1E364A6E00C22175 /* libopencv_legacy.2.4.13.dylib in Frameworks */,
				A27A46E91E364A6E00C22175 /* libopencv_imgproc.2.4.13.dylib in Frameworks */,
				A27A46ED1E364A6E00C22175 /* libopencv_objdetect.2.4.13.dylib in Frameworks */,
				A27A46E51E364A6E00C22175 /* libopencv_features2d.2.4.13.dylib in Frameworks */,
				A27A46F31E364A6E00C22175 /* libopencv_videostab.2.4.13.dylib in Frameworks */,
				A27A46F11E364A6E00C22175 /* libopencv_superres.2.4.13.dylib in Frameworks */,
			);
			runOnlyForDeploymentPostprocessing = 0;
		};
/* End PBXFrameworksBuildPhase section */

/* Begin PBXGroup section */
		A27A46BA1E36494E00C22175 = {
			isa = PBXGroup;
			children = (
				A27A46CF1E364A5800C22175 /* OpenCV */,
				A27A46C51E36494E00C22175 /* CharBP */,
				A27A46C41E36494E00C22175 /* Products */,
			);
			sourceTree = "<group>";
		};
		A27A46C41E36494E00C22175 /* Products */ = {
			isa = PBXGroup;
			children = (
				A27A46C31E36494E00C22175 /* CharBP */,
			);
			name = Products;
			sourceTree = "<group>";
		};
		A27A46C51E36494E00C22175 /* CharBP */ = {
			isa = PBXGroup;
			children = (
				A27A46C61E36494E00C22175 /* main.cpp */,
				A27A46F41E36571E00C22175 /* BP.cpp */,
				A27A46F51E36571E00C22175 /* BP.hpp */,
				A2F2D8FC1E38B12F0010C46F /* ImagePro.cpp */,
				A2F2D8FD1E38B12F0010C46F /* ImagePro.hpp */,
				A2CF7D7B1E58210D00FBE2FB /* BPNet.cpp */,
				A2CF7D7C1E58210D00FBE2FB /* BPNet.hpp */,
			);
			path = CharBP;
			sourceTree = "<group>";
		};
		A27A46CF1E364A5800C22175 /* OpenCV */ = {
			isa = PBXGroup;
			children = (
				A27A46D01E364A6E00C22175 /* libopencv_calib3d.2.4.13.dylib */,
				A27A46D11E364A6E00C22175 /* libopencv_contrib.2.4.13.dylib */,
				A27A46D21E364A6E00C22175 /* libopencv_core.2.4.13.dylib */,
				A27A46D31E364A6E00C22175 /* libopencv_features2d.2.4.13.dylib */,
				A27A46D41E364A6E00C22175 /* libopencv_flann.2.4.13.dylib */,
				A27A46D51E364A6E00C22175 /* libopencv_gpu.2.4.13.dylib */,
				A27A46D61E364A6E00C22175 /* libopencv_highgui.2.4.13.dylib */,
				A27A46D71E364A6E00C22175 /* libopencv_imgproc.2.4.13.dylib */,
				A27A46D81E364A6E00C22175 /* libopencv_legacy.2.4.13.dylib */,
				A27A46D91E364A6E00C22175 /* libopencv_ml.2.4.13.dylib */,
				A27A46DA1E364A6E00C22175 /* libopencv_nonfree.2.4.13.dylib */,
				A27A46DB1E364A6E00C22175 /* libopencv_objdetect.2.4.13.dylib */,
				A27A46DC1E364A6E00C22175 /* libopencv_ocl.2.4.13.dylib */,
				A27A46DD1E364A6E00C22175 /* libopencv_photo.2.4.13.dylib */,
				A27A46DE1E364A6E00C22175 /* libopencv_stitching.2.4.13.dylib */,
				A27A46DF1E364A6E00C22175 /* libopencv_superres.2.4.13.dylib */,
				A27A46E01E364A6E00C22175 /* libopencv_video.2.4.13.dylib */,
				A27A46E11E364A6E00C22175 /* libopencv_videostab.2.4.13.dylib */,
			);
			name = OpenCV;
			sourceTree = "<group>";
		};
/* End PBXGroup section */

/* Begin PBXNativeTarget section */
		A27A46C21E36494E00C22175 /* CharBP */ = {
			isa = PBXNativeTarget;
			buildConfigurationList = A27A46CA1E36494E00C22175 /* Build configuration list for PBXNativeTarget "CharBP" */;
			buildPhases = (
				A27A46BF1E36494E00C22175 /* Sources */,
				A27A46C01E36494E00C22175 /* Frameworks */,
				A27A46C11E36494E00C22175 /* CopyFiles */,
			);
			buildRules = (
			);
			dependencies = (
			);
			name = CharBP;
			productName = CharBP;
			productReference = A27A46C31E36494E00C22175 /* CharBP */;
			productType = "com.apple.product-type.tool";
		};
/* End PBXNativeTarget section */

/* Begin PBXProject section */
		A27A46BB1E36494E00C22175 /* Project object */ = {
			isa = PBXProject;
			attributes = {
				LastUpgradeCheck = 0820;
				ORGANIZATIONNAME = "唐伟伦";
				TargetAttributes = {
					A27A46C21E36494E00C22175 = {
						CreatedOnToolsVersion = 8.2.1;
						ProvisioningStyle = Automatic;
					};
				};
			};
			buildConfigurationList = A27A46BE1E36494E00C22175 /* Build configuration list for PBXProject "CharBP" */;
			compatibilityVersion = "Xcode 3.2";
			developmentRegion = English;
			hasScannedForEncodings = 0;
			knownRegions = (
				en,
			);
			mainGroup = A27A46BA1E36494E00C22175;
			productRefGroup = A27A46C41E36494E00C22175 /* Products */;
			projectDirPath = "";
			projectRoot = "";
			targets = (
				A27A46C21E36494E00C22175 /* CharBP */,
			);
		};
/* End PBXProject section */

/* Begin PBXSourcesBuildPhase section */
		A27A46BF1E36494E00C22175 /* Sources */ = {
			isa = PBXSourcesBuildPhase;
			buildActionMask = 2147483647;
			files = (
				A27A46C71E36494E00C22175 /* main.cpp in Sources */,
				A27A46F61E36571E00C22175 /* BP.cpp in Sources */,
				A2F2D8FE1E38B12F0010C46F /* ImagePro.cpp in Sources */,
				A2CF7D7D1E58210D00FBE2FB /* BPNet.cpp in Sources */,
			);
			runOnlyForDeploymentPostprocessing = 0;
		};
/* End PBXSourcesBuildPhase section */

/* Begin XCBuildConfiguration section */
		A27A46C81E36494E00C22175 /* Debug */ = {
			isa = XCBuildConfiguration;
			buildSettings = {
				ALWAYS_SEARCH_USER_PATHS = NO;
				CLANG_ANALYZER_NONNULL = YES;
				CLANG_CXX_LANGUAGE_STANDARD = "gnu++0x";
				CLANG_CXX_LIBRARY = "libc++";
				CLANG_ENABLE_MODULES = YES;
				CLANG_ENABLE_OBJC_ARC = YES;
				CLANG_WARN_BOOL_CONVERSION = YES;
				CLANG_WARN_CONSTANT_CONVERSION = YES;
				CLANG_WARN_DIRECT_OBJC_ISA_USAGE = YES_ERROR;
				CLANG_WARN_DOCUMENTATION_COMMENTS = YES;
				CLANG_WARN_EMPTY_BODY = YES;
				CLANG_WARN_ENUM_CONVERSION = YES;
				CLANG_WARN_INFINITE_RECURSION = YES;
				CLANG_WARN_INT_CONVERSION = YES;
				CLANG_WARN_OBJC_ROOT_CLASS = YES_ERROR;
				CLANG_WARN_SUSPICIOUS_MOVE = YES;
				CLANG_WARN_UNREACHABLE_CODE = YES;
				CLANG_WARN__DUPLICATE_METHOD_MATCH = YES;
				CODE_SIGN_IDENTITY = "-";
				COPY_PHASE_STRIP = NO;
				DEBUG_INFORMATION_FORMAT = dwarf;
				ENABLE_STRICT_OBJC_MSGSEND = YES;
				ENABLE_TESTABILITY = YES;
				GCC_C_LANGUAGE_STANDARD = gnu99;
				GCC_DYNAMIC_NO_PIC = NO;
				GCC_NO_COMMON_BLOCKS = YES;
				GCC_OPTIMIZATION_LEVEL = 0;
				GCC_PREPROCESSOR_DEFINITIONS = (
					"DEBUG=1",
					"$(inherited)",
				);
				GCC_WARN_64_TO_32_BIT_CONVERSION = YES;
				GCC_WARN_ABOUT_RETURN_TYPE = YES_ERROR;
				GCC_WARN_UNDECLARED_SELECTOR = YES;
				GCC_WARN_UNINITIALIZED_AUTOS = YES_AGGRESSIVE;
				GCC_WARN_UNUSED_FUNCTION = YES;
				GCC_WARN_UNUSED_VARIABLE = YES;
				MACOSX_DEPLOYMENT_TARGET = 10.12;
				MTL_ENABLE_DEBUG_INFO = YES;
				ONLY_ACTIVE_ARCH = YES;
				SDKROOT = macosx;
			};
			name = Debug;
		};
		A27A46C91E36494E00C22175 /* Release */ = {
			isa = XCBuildConfiguration;
			buildSettings = {
				ALWAYS_SEARCH_USER_PATHS = NO;
				CLANG_ANALYZER_NONNULL = YES;
				CLANG_CXX_LANGUAGE_STANDARD = "gnu++0x";
				CLANG_CXX_LIBRARY = "libc++";
				CLANG_ENABLE_MODULES = YES;
				CLANG_ENABLE_OBJC_ARC = YES;
				CLANG_WARN_BOOL_CONVERSION = YES;
				CLANG_WARN_CONSTANT_CONVERSION = YES;
				CLANG_WARN_DIRECT_OBJC_ISA_USAGE = YES_ERROR;
				CLANG_WARN_DOCUMENTATION_COMMENTS = YES;
				CLANG_WARN_EMPTY_BODY = YES;
				CLANG_WARN_ENUM_CONVERSION = YES;
				CLANG_WARN_INFINITE_RECURSION = YES;
				CLANG_WARN_INT_CONVERSION = YES;
				CLANG_WARN_OBJC_ROOT_CLASS = YES_ERROR;
				CLANG_WARN_SUSPICIOUS_MOVE = YES;
				CLANG_WARN_UNREACHABLE_CODE = YES;
				CLANG_WARN__DUPLICATE_METHOD_MATCH = YES;
				CODE_SIGN_IDENTITY = "-";
				COPY_PHASE_STRIP = NO;
				DEBUG_INFORMATION_FORMAT = "dwarf-with-dsym";
				ENABLE_NS_ASSERTIONS = NO;
				ENABLE_STRICT_OBJC_MSGSEND = YES;
				GCC_C_LANGUAGE_STANDARD = gnu99;
				GCC_NO_COMMON_BLOCKS = YES;
				GCC_WARN_64_TO_32_BIT_CONVERSION = YES;
				GCC_WARN_ABOUT_RETURN_TYPE = YES_ERROR;
				GCC_WARN_UNDECLARED_SELECTOR = YES;
				GCC_WARN_UNINITIALIZED_AUTOS = YES_AGGRESSIVE;
				GCC_WARN_UNUSED_FUNCTION = YES;
				GCC_WARN_UNUSED_VARIABLE = YES;
				MACOSX_DEPLOYMENT_TARGET = 10.12;
				MTL_ENABLE_DEBUG_INFO = NO;
				SDKROOT = macosx;
			};
			name = Release;
		};
		A27A46CB1E36494E00C22175 /* Debug */ = {
			isa = XCBuildConfiguration;
			buildSettings = {
				"HEADER_SEARCH_PATHS[arch=*]" = /usr/local/include;
				"LIBRARY_SEARCH_PATHS[arch=*]" = /usr/local/lib;
				PRODUCT_NAME = "$(TARGET_NAME)";
			};
			name = Debug;
		};
		A27A46CC1E36494E00C22175 /* Release */ = {
			isa = XCBuildConfiguration;
			buildSettings = {
				"HEADER_SEARCH_PATHS[arch=*]" = /usr/local/include;
				"LIBRARY_SEARCH_PATHS[arch=*]" = /usr/local/lib;
				PRODUCT_NAME = "$(TARGET_NAME)";
			};
			name = Release;
		};
/* End XCBuildConfiguration section */

/* Begin XCConfigurationList section */
		A27A46BE1E36494E00C22175 /* Build configuration list for PBXProject "CharBP" */ = {
			isa = XCConfigurationList;
			buildConfigurations = (
				A27A46C81E36494E00C22175 /* Debug */,
				A27A46C91E36494E00C22175 /* Release */,
			);
			defaultConfigurationIsVisible = 0;
			defaultConfigurationName = Release;
		};
		A27A46CA1E36494E00C22175 /* Build configuration list for PBXNativeTarget "CharBP" */ = {
			isa = XCConfigurationList;
			buildConfigurations = (
				A27A46CB1E36494E00C22175 /* Debug */,
				A27A46CC1E36494E00C22175 /* Release */,
			);
			defaultConfigurationIsVisible = 0;
			defaultConfigurationName = Release;
		};
/* End XCConfigurationList section */
	};
	rootObject = A27A46BB1E36494E00C22175 /* Project object */;
}
